
Microsoft Visual Studio Solution File, Format Version 11.00
# Visual Studio 2010
Project("{FAE04EC0-301F-11D3-BF4B-00C04F79EFBC}") = "TeamBesterestGame", "Assembly-CSharp.csproj", "{0706F04E-C63A-C680-946D-C23F66680336}"
EndProject
Project("{FAE04EC0-301F-11D3-BF4B-00C04F79EFBC}") = "TeamBesterestGame", "Assembly-CSharp-Editor.csproj", "{D4434CBF-549D-49C3-0C23-BD2E6DAD3B1E}"
EndProject
Global
	GlobalSection(SolutionConfigurationPlatforms) = preSolution
		Debug|Any CPU = Debug|Any CPU
		Release|Any CPU = Release|Any CPU
	EndGlobalSection
	GlobalSection(ProjectConfigurationPlatforms) = postSolution
		{0706F04E-C63A-C680-946D-C23F66680336}.Debug|Any CPU.ActiveCfg = Debug|Any CPU
		{0706F04E-C63A-C680-946D-C23F66680336}.Debug|Any CPU.Build.0 = Debug|Any CPU
		{0706F04E-C63A-C680-946D-C23F66680336}.Release|Any CPU.ActiveCfg = Release|Any CPU
		{0706F04E-C63A-C680-946D-C23F66680336}.Release|Any CPU.Build.0 = Release|Any CPU
		{D4434CBF-549D-49C3-0C23-BD2E6DAD3B1E}.Debug|Any CPU.ActiveCfg = Debug|Any CPU
		{D4434CBF-549D-49C3-0C23-BD2E6DAD3B1E}.Debug|Any CPU.Build.0 = Debug|Any CPU
		{D4434CBF-549D-49C3-0C23-BD2E6DAD3B1E}.Release|Any CPU.ActiveCfg = Release|Any CPU
		{D4434CBF-549D-49C3-0C23-BD2E6DAD3B1E}.Release|Any CPU.Build.0 = Release|Any CPU
	EndGlobalSection
	GlobalSection(SolutionProperties) = preSolution
		HideSolutionNode = FALSE
	EndGlobalSection
	GlobalSection(MonoDevelopProperties) = preSolution
		StartupItem = Assembly-CSharp.csproj
	EndGlobalSection
EndGlobal
